
Microsoft Visual Studio Solution File, Format Version 12.00
# Visual Studio Version 17
VisualStudioVersion = 17.3.32929.385
MinimumVisualStudioVersion = 10.0.40219.1
Project("{FAE04EC0-301F-11D3-BF4B-00C04F79EFBC}") = "TesteApi", "TesteApi\TesteApi.csproj", "{BF04BCCD-2227-4A03-BE58-5793A1BFDA48}"
EndProject
Global
	GlobalSection(SolutionConfigurationPlatforms) = preSolution
		Debug|Any CPU = Debug|Any CPU
		Release|Any CPU = Release|Any CPU
	EndGlobalSection
	GlobalSection(ProjectConfigurationPlatforms) = postSolution
		{BF04BCCD-2227-4A03-BE58-5793A1BFDA48}.Debug|Any CPU.ActiveCfg = Debug|Any CPU
		{BF04BCCD-2227-4A03-BE58-5793A1BFDA48}.Debug|Any CPU.Build.0 = Debug|Any CPU
		{BF04BCCD-2227-4A03-BE58-5793A1BFDA48}.Release|Any CPU.ActiveCfg = Release|Any CPU
		{BF04BCCD-2227-4A03-BE58-5793A1BFDA48}.Release|Any CPU.Build.0 = Release|Any CPU
	EndGlobalSection
	GlobalSection(SolutionProperties) = preSolution
		HideSolutionNode = FALSE
	EndGlobalSection
	GlobalSection(ExtensibilityGlobals) = postSolution
		SolutionGuid = {006D34CE-8EC1-48BC-9F9F-D79F3FAA155D}
	EndGlobalSection
EndGlobal
